// !$*UTF8*$!
{
	archiveVersion = 1;
	classes = {
	};
	objectVersion = 56;
	objects = {

/* Begin PBXBuildFile section */
		5F8A3F202C35F02E000E7D77 /* TempView.swift in Sources */ = {isa = PBXBuildFile; fileRef = 5F8A3F1F2C35F02E000E7D77 /* TempView.swift */; };
		5F8A3F242C368E8B000E7D77 /* AlphaVantageService.swift in Sources */ = {isa = PBXBuildFile; fileRef = 5F8A3F232C368E8B000E7D77 /* AlphaVantageService.swift */; };
		5F8A3F262C36908B000E7D77 /* DailyData.swift in Sources */ = {isa = PBXBuildFile; fileRef = 5F8A3F252C36908B000E7D77 /* DailyData.swift */; };
		5F8A3F282C36A825000E7D77 /* MockStockService.swift in Sources */ = {isa = PBXBuildFile; fileRef = 5F8A3F272C36A825000E7D77 /* MockStockService.swift */; };
		5F8A3F2B2C36C5B1000E7D77 /* monthly.json in Resources */ = {isa = PBXBuildFile; fileRef = 5F8A3F2A2C36C5B1000E7D77 /* monthly.json */; };
		5F8A3F2D2C36DD5D000E7D77 /* MonthlyData.swift in Sources */ = {isa = PBXBuildFile; fileRef = 5F8A3F2C2C36DD5D000E7D77 /* MonthlyData.swift */; };
		5F8A3F2F2C36DD95000E7D77 /* TimeSeriesDay.swift in Sources */ = {isa = PBXBuildFile; fileRef = 5F8A3F2E2C36DD95000E7D77 /* TimeSeriesDay.swift */; };
		5F8A3F342C36E575000E7D77 /* Utils.swift in Sources */ = {isa = PBXBuildFile; fileRef = 5F8A3F332C36E575000E7D77 /* Utils.swift */; };
		5F8A3F372C36E651000E7D77 /* DescriptionComponent.swift in Sources */ = {isa = PBXBuildFile; fileRef = 5F8A3F362C36E651000E7D77 /* DescriptionComponent.swift */; };
		5F8A3F392C36E6C2000E7D77 /* StockDetailComponent.swift in Sources */ = {isa = PBXBuildFile; fileRef = 5F8A3F382C36E6C2000E7D77 /* StockDetailComponent.swift */; };
		5F8A3F3B2C36E713000E7D77 /* HeaderComponent.swift in Sources */ = {isa = PBXBuildFile; fileRef = 5F8A3F3A2C36E713000E7D77 /* HeaderComponent.swift */; };
		5F8A3F3D2C38802A000E7D77 /* ChartComponent.swift in Sources */ = {isa = PBXBuildFile; fileRef = 5F8A3F3C2C38802A000E7D77 /* ChartComponent.swift */; };
		5F8A3F412C393E4F000E7D77 /* WeeklyData.swift in Sources */ = {isa = PBXBuildFile; fileRef = 5F8A3F402C393E4F000E7D77 /* WeeklyData.swift */; };
		5F8A3F432C397139000E7D77 /* MetaData.swift in Sources */ = {isa = PBXBuildFile; fileRef = 5F8A3F422C397139000E7D77 /* MetaData.swift */; };
		5F8A3F452C3992FC000E7D77 /* IntraDayData.swift in Sources */ = {isa = PBXBuildFile; fileRef = 5F8A3F442C3992FC000E7D77 /* IntraDayData.swift */; };
		5F8A3F472C39A369000E7D77 /* Colors.swift in Sources */ = {isa = PBXBuildFile; fileRef = 5F8A3F462C39A369000E7D77 /* Colors.swift */; };
		5F8A3F492C3AD17E000E7D77 /* SegmentedPicker.swift in Sources */ = {isa = PBXBuildFile; fileRef = 5F8A3F482C3AD17E000E7D77 /* SegmentedPicker.swift */; };
		5F8A3F4B2C3B423F000E7D77 /* CustomSegmentedControl.swift in Sources */ = {isa = PBXBuildFile; fileRef = 5F8A3F4A2C3B423F000E7D77 /* CustomSegmentedControl.swift */; };
		5F8A3F4D2C3B428E000E7D77 /* StockBasicInfoComponent.swift in Sources */ = {isa = PBXBuildFile; fileRef = 5F8A3F4C2C3B428E000E7D77 /* StockBasicInfoComponent.swift */; };
		5FEDB0772C35D058002CEBE5 /* JPTrackerApp.swift in Sources */ = {isa = PBXBuildFile; fileRef = 5FEDB0762C35D058002CEBE5 /* JPTrackerApp.swift */; };
		5FEDB0792C35D058002CEBE5 /* ContentView.swift in Sources */ = {isa = PBXBuildFile; fileRef = 5FEDB0782C35D058002CEBE5 /* ContentView.swift */; };
		5FEDB07B2C35D05C002CEBE5 /* Assets.xcassets in Resources */ = {isa = PBXBuildFile; fileRef = 5FEDB07A2C35D05C002CEBE5 /* Assets.xcassets */; };
		5FEDB07E2C35D05C002CEBE5 /* Preview Assets.xcassets in Resources */ = {isa = PBXBuildFile; fileRef = 5FEDB07D2C35D05C002CEBE5 /* Preview Assets.xcassets */; };
		5FEDB0862C35D09E002CEBE5 /* DetailView.swift in Sources */ = {isa = PBXBuildFile; fileRef = 5FEDB0852C35D09E002CEBE5 /* DetailView.swift */; };
		5FEDB08C2C35DAD5002CEBE5 /* StockInfo.swift in Sources */ = {isa = PBXBuildFile; fileRef = 5FEDB08B2C35DAD5002CEBE5 /* StockInfo.swift */; };
		5FEDB08F2C35DFE6002CEBE5 /* StockService.swift in Sources */ = {isa = PBXBuildFile; fileRef = 5FEDB08E2C35DFE6002CEBE5 /* StockService.swift */; };
/* End PBXBuildFile section */

/* Begin PBXFileReference section */
		5F8A3F1F2C35F02E000E7D77 /* TempView.swift */ = {isa = PBXFileReference; lastKnownFileType = sourcecode.swift; path = TempView.swift; sourceTree = "<group>"; };
		5F8A3F232C368E8B000E7D77 /* AlphaVantageService.swift */ = {isa = PBXFileReference; lastKnownFileType = sourcecode.swift; path = AlphaVantageService.swift; sourceTree = "<group>"; };
		5F8A3F252C36908B000E7D77 /* DailyData.swift */ = {isa = PBXFileReference; lastKnownFileType = sourcecode.swift; path = DailyData.swift; sourceTree = "<group>"; };
		5F8A3F272C36A825000E7D77 /* MockStockService.swift */ = {isa = PBXFileReference; lastKnownFileType = sourcecode.swift; path = MockStockService.swift; sourceTree = "<group>"; };
		5F8A3F2A2C36C5B1000E7D77 /* monthly.json */ = {isa = PBXFileReference; lastKnownFileType = text.json; path = monthly.json; sourceTree = "<group>"; };
		5F8A3F2C2C36DD5D000E7D77 /* MonthlyData.swift */ = {isa = PBXFileReference; lastKnownFileType = sourcecode.swift; path = MonthlyData.swift; sourceTree = "<group>"; };
		5F8A3F2E2C36DD95000E7D77 /* TimeSeriesDay.swift */ = {isa = PBXFileReference; lastKnownFileType = sourcecode.swift; path = TimeSeriesDay.swift; sourceTree = "<group>"; };
		5F8A3F332C36E575000E7D77 /* Utils.swift */ = {isa = PBXFileReference; lastKnownFileType = sourcecode.swift; path = Utils.swift; sourceTree = "<group>"; };
		5F8A3F362C36E651000E7D77 /* DescriptionComponent.swift */ = {isa = PBXFileReference; lastKnownFileType = sourcecode.swift; path = DescriptionComponent.swift; sourceTree = "<group>"; };
		5F8A3F382C36E6C2000E7D77 /* StockDetailComponent.swift */ = {isa = PBXFileReference; lastKnownFileType = sourcecode.swift; path = StockDetailComponent.swift; sourceTree = "<group>"; };
		5F8A3F3A2C36E713000E7D77 /* HeaderComponent.swift */ = {isa = PBXFileReference; lastKnownFileType = sourcecode.swift; path = HeaderComponent.swift; sourceTree = "<group>"; };
		5F8A3F3C2C38802A000E7D77 /* ChartComponent.swift */ = {isa = PBXFileReference; lastKnownFileType = sourcecode.swift; path = ChartComponent.swift; sourceTree = "<group>"; };
		5F8A3F402C393E4F000E7D77 /* WeeklyData.swift */ = {isa = PBXFileReference; lastKnownFileType = sourcecode.swift; path = WeeklyData.swift; sourceTree = "<group>"; };
		5F8A3F422C397139000E7D77 /* MetaData.swift */ = {isa = PBXFileReference; lastKnownFileType = sourcecode.swift; path = MetaData.swift; sourceTree = "<group>"; };
		5F8A3F442C3992FC000E7D77 /* IntraDayData.swift */ = {isa = PBXFileReference; lastKnownFileType = sourcecode.swift; path = IntraDayData.swift; sourceTree = "<group>"; };
		5F8A3F462C39A369000E7D77 /* Colors.swift */ = {isa = PBXFileReference; lastKnownFileType = sourcecode.swift; path = Colors.swift; sourceTree = "<group>"; };
		5F8A3F482C3AD17E000E7D77 /* SegmentedPicker.swift */ = {isa = PBXFileReference; lastKnownFileType = sourcecode.swift; path = SegmentedPicker.swift; sourceTree = "<group>"; };
		5F8A3F4A2C3B423F000E7D77 /* CustomSegmentedControl.swift */ = {isa = PBXFileReference; lastKnownFileType = sourcecode.swift; path = CustomSegmentedControl.swift; sourceTree = "<group>"; };
		5F8A3F4C2C3B428E000E7D77 /* StockBasicInfoComponent.swift */ = {isa = PBXFileReference; lastKnownFileType = sourcecode.swift; path = StockBasicInfoComponent.swift; sourceTree = "<group>"; };
		5FEDB0732C35D058002CEBE5 /* JPTracker.app */ = {isa = PBXFileReference; explicitFileType = wrapper.application; includeInIndex = 0; path = JPTracker.app; sourceTree = BUILT_PRODUCTS_DIR; };
		5FEDB0762C35D058002CEBE5 /* JPTrackerApp.swift */ = {isa = PBXFileReference; lastKnownFileType = sourcecode.swift; path = JPTrackerApp.swift; sourceTree = "<group>"; };
		5FEDB0782C35D058002CEBE5 /* ContentView.swift */ = {isa = PBXFileReference; lastKnownFileType = sourcecode.swift; path = ContentView.swift; sourceTree = "<group>"; };
		5FEDB07A2C35D05C002CEBE5 /* Assets.xcassets */ = {isa = PBXFileReference; lastKnownFileType = folder.assetcatalog; path = Assets.xcassets; sourceTree = "<group>"; };
		5FEDB07D2C35D05C002CEBE5 /* Preview Assets.xcassets */ = {isa = PBXFileReference; lastKnownFileType = folder.assetcatalog; path = "Preview Assets.xcassets"; sourceTree = "<group>"; };
		5FEDB0852C35D09E002CEBE5 /* DetailView.swift */ = {isa = PBXFileReference; lastKnownFileType = sourcecode.swift; path = DetailView.swift; sourceTree = "<group>"; };
		5FEDB08B2C35DAD5002CEBE5 /* StockInfo.swift */ = {isa = PBXFileReference; lastKnownFileType = sourcecode.swift; path = StockInfo.swift; sourceTree = "<group>"; };
		5FEDB08E2C35DFE6002CEBE5 /* StockService.swift */ = {isa = PBXFileReference; lastKnownFileType = sourcecode.swift; path = StockService.swift; sourceTree = "<group>"; };
/* End PBXFileReference section */

/* Begin PBXFrameworksBuildPhase section */
		5FEDB0702C35D058002CEBE5 /* Frameworks */ = {
			isa = PBXFrameworksBuildPhase;
			buildActionMask = 2147483647;
			files = (
			);
			runOnlyForDeploymentPostprocessing = 0;
		};
/* End PBXFrameworksBuildPhase section */

/* Begin PBXGroup section */
		5F8A3F292C36C56F000E7D77 /* JSON */ = {
			isa = PBXGroup;
			children = (
				5F8A3F2A2C36C5B1000E7D77 /* monthly.json */,
			);
			path = JSON;
			sourceTree = "<group>";
		};
		5F8A3F302C36E3C0000E7D77 /* Assets */ = {
			isa = PBXGroup;
			children = (
				5F8A3F332C36E575000E7D77 /* Utils.swift */,
				5F8A3F462C39A369000E7D77 /* Colors.swift */,
			);
			path = Assets;
			sourceTree = "<group>";
		};
		5F8A3F352C36E635000E7D77 /* Components */ = {
			isa = PBXGroup;
			children = (
				5F8A3F362C36E651000E7D77 /* DescriptionComponent.swift */,
				5F8A3F382C36E6C2000E7D77 /* StockDetailComponent.swift */,
				5F8A3F3A2C36E713000E7D77 /* HeaderComponent.swift */,
				5F8A3F3C2C38802A000E7D77 /* ChartComponent.swift */,
				5F8A3F482C3AD17E000E7D77 /* SegmentedPicker.swift */,
				5F8A3F4A2C3B423F000E7D77 /* CustomSegmentedControl.swift */,
				5F8A3F4C2C3B428E000E7D77 /* StockBasicInfoComponent.swift */,
			);
			path = Components;
			sourceTree = "<group>";
		};
		5FEDB06A2C35D058002CEBE5 = {
			isa = PBXGroup;
			children = (
				5FEDB0752C35D058002CEBE5 /* JPTracker */,
				5FEDB0742C35D058002CEBE5 /* Products */,
			);
			sourceTree = "<group>";
		};
		5FEDB0742C35D058002CEBE5 /* Products */ = {
			isa = PBXGroup;
			children = (
				5FEDB0732C35D058002CEBE5 /* JPTracker.app */,
			);
			name = Products;
			sourceTree = "<group>";
		};
		5FEDB0752C35D058002CEBE5 /* JPTracker */ = {
			isa = PBXGroup;
			children = (
				5F8A3F352C36E635000E7D77 /* Components */,
				5F8A3F302C36E3C0000E7D77 /* Assets */,
				5FEDB08D2C35DFA1002CEBE5 /* Services */,
				5FEDB0842C35D07B002CEBE5 /* Views */,
				5FEDB08A2C35DAC0002CEBE5 /* Models */,
				5FEDB0762C35D058002CEBE5 /* JPTrackerApp.swift */,
				5FEDB0782C35D058002CEBE5 /* ContentView.swift */,
				5FEDB07A2C35D05C002CEBE5 /* Assets.xcassets */,
				5FEDB07C2C35D05C002CEBE5 /* Preview Content */,
			);
			path = JPTracker;
			sourceTree = "<group>";
		};
		5FEDB07C2C35D05C002CEBE5 /* Preview Content */ = {
			isa = PBXGroup;
			children = (
				5FEDB07D2C35D05C002CEBE5 /* Preview Assets.xcassets */,
			);
			path = "Preview Content";
			sourceTree = "<group>";
		};
		5FEDB0842C35D07B002CEBE5 /* Views */ = {
			isa = PBXGroup;
			children = (
				5FEDB0852C35D09E002CEBE5 /* DetailView.swift */,
				5F8A3F1F2C35F02E000E7D77 /* TempView.swift */,
			);
			path = Views;
			sourceTree = "<group>";
		};
		5FEDB08A2C35DAC0002CEBE5 /* Models */ = {
			isa = PBXGroup;
			children = (
				5FEDB08B2C35DAD5002CEBE5 /* StockInfo.swift */,
				5F8A3F442C3992FC000E7D77 /* IntraDayData.swift */,
				5F8A3F252C36908B000E7D77 /* DailyData.swift */,
				5F8A3F2C2C36DD5D000E7D77 /* MonthlyData.swift */,
				5F8A3F402C393E4F000E7D77 /* WeeklyData.swift */,
				5F8A3F2E2C36DD95000E7D77 /* TimeSeriesDay.swift */,
				5F8A3F422C397139000E7D77 /* MetaData.swift */,
			);
			path = Models;
			sourceTree = "<group>";
		};
		5FEDB08D2C35DFA1002CEBE5 /* Services */ = {
			isa = PBXGroup;
			children = (
				5F8A3F292C36C56F000E7D77 /* JSON */,
				5FEDB08E2C35DFE6002CEBE5 /* StockService.swift */,
				5F8A3F232C368E8B000E7D77 /* AlphaVantageService.swift */,
				5F8A3F272C36A825000E7D77 /* MockStockService.swift */,
			);
			path = Services;
			sourceTree = "<group>";
		};
/* End PBXGroup section */

/* Begin PBXNativeTarget section */
		5FEDB0722C35D058002CEBE5 /* JPTracker */ = {
			isa = PBXNativeTarget;
			buildConfigurationList = 5FEDB0812C35D05C002CEBE5 /* Build configuration list for PBXNativeTarget "JPTracker" */;
			buildPhases = (
				5FEDB06F2C35D058002CEBE5 /* Sources */,
				5FEDB0702C35D058002CEBE5 /* Frameworks */,
				5FEDB0712C35D058002CEBE5 /* Resources */,
			);
			buildRules = (
			);
			dependencies = (
			);
			name = JPTracker;
			productName = Stocks;
			productReference = 5FEDB0732C35D058002CEBE5 /* JPTracker.app */;
			productType = "com.apple.product-type.application";
		};
/* End PBXNativeTarget section */

/* Begin PBXProject section */
		5FEDB06B2C35D058002CEBE5 /* Project object */ = {
			isa = PBXProject;
			attributes = {
				BuildIndependentTargetsInParallel = 1;
				LastSwiftUpdateCheck = 1530;
				LastUpgradeCheck = 1530;
				TargetAttributes = {
					5FEDB0722C35D058002CEBE5 = {
						CreatedOnToolsVersion = 15.3;
					};
				};
			};
			buildConfigurationList = 5FEDB06E2C35D058002CEBE5 /* Build configuration list for PBXProject "JPTracker" */;
			compatibilityVersion = "Xcode 14.0";
			developmentRegion = en;
			hasScannedForEncodings = 0;
			knownRegions = (
				en,
				Base,
			);
			mainGroup = 5FEDB06A2C35D058002CEBE5;
			productRefGroup = 5FEDB0742C35D058002CEBE5 /* Products */;
			projectDirPath = "";
			projectRoot = "";
			targets = (
				5FEDB0722C35D058002CEBE5 /* JPTracker */,
			);
		};
/* End PBXProject section */

/* Begin PBXResourcesBuildPhase section */
		5FEDB0712C35D058002CEBE5 /* Resources */ = {
			isa = PBXResourcesBuildPhase;
			buildActionMask = 2147483647;
			files = (
				5F8A3F2B2C36C5B1000E7D77 /* monthly.json in Resources */,
				5FEDB07E2C35D05C002CEBE5 /* Preview Assets.xcassets in Resources */,
				5FEDB07B2C35D05C002CEBE5 /* Assets.xcassets in Resources */,
			);
			runOnlyForDeploymentPostprocessing = 0;
		};
/* End PBXResourcesBuildPhase section */

/* Begin PBXSourcesBuildPhase section */
		5FEDB06F2C35D058002CEBE5 /* Sources */ = {
			isa = PBXSourcesBuildPhase;
			buildActionMask = 2147483647;
			files = (
				5F8A3F262C36908B000E7D77 /* DailyData.swift in Sources */,
				5F8A3F392C36E6C2000E7D77 /* StockDetailComponent.swift in Sources */,
				5F8A3F472C39A369000E7D77 /* Colors.swift in Sources */,
				5F8A3F202C35F02E000E7D77 /* TempView.swift in Sources */,
				5F8A3F492C3AD17E000E7D77 /* SegmentedPicker.swift in Sources */,
				5F8A3F4D2C3B428E000E7D77 /* StockBasicInfoComponent.swift in Sources */,
				5FEDB08C2C35DAD5002CEBE5 /* StockInfo.swift in Sources */,
				5F8A3F432C397139000E7D77 /* MetaData.swift in Sources */,
				5F8A3F4B2C3B423F000E7D77 /* CustomSegmentedControl.swift in Sources */,
				5FEDB0792C35D058002CEBE5 /* ContentView.swift in Sources */,
				5F8A3F282C36A825000E7D77 /* MockStockService.swift in Sources */,
				5F8A3F3B2C36E713000E7D77 /* HeaderComponent.swift in Sources */,
				5F8A3F3D2C38802A000E7D77 /* ChartComponent.swift in Sources */,
				5F8A3F2D2C36DD5D000E7D77 /* MonthlyData.swift in Sources */,
				5FEDB0862C35D09E002CEBE5 /* DetailView.swift in Sources */,
				5F8A3F2F2C36DD95000E7D77 /* TimeSeriesDay.swift in Sources */,
				5FEDB0772C35D058002CEBE5 /* JPTrackerApp.swift in Sources */,
				5FEDB08F2C35DFE6002CEBE5 /* StockService.swift in Sources */,
				5F8A3F452C3992FC000E7D77 /* IntraDayData.swift in Sources */,
				5F8A3F412C393E4F000E7D77 /* WeeklyData.swift in Sources */,
				5F8A3F242C368E8B000E7D77 /* AlphaVantageService.swift in Sources */,
				5F8A3F342C36E575000E7D77 /* Utils.swift in Sources */,
				5F8A3F372C36E651000E7D77 /* DescriptionComponent.swift in Sources */,
			);
			runOnlyForDeploymentPostprocessing = 0;
		};
/* End PBXSourcesBuildPhase section */

/* Begin XCBuildConfiguration section */
		5FEDB07F2C35D05C002CEBE5 /* Debug */ = {
			isa = XCBuildConfiguration;
			buildSettings = {
				ALWAYS_SEARCH_USER_PATHS = NO;
				ASSETCATALOG_COMPILER_GENERATE_SWIFT_ASSET_SYMBOL_EXTENSIONS = YES;
				CLANG_ANALYZER_NONNULL = YES;
				CLANG_ANALYZER_NUMBER_OBJECT_CONVERSION = YES_AGGRESSIVE;
				CLANG_CXX_LANGUAGE_STANDARD = "gnu++20";
				CLANG_ENABLE_MODULES = YES;
				CLANG_ENABLE_OBJC_ARC = YES;
				CLANG_ENABLE_OBJC_WEAK = YES;
				CLANG_WARN_BLOCK_CAPTURE_AUTORELEASING = YES;
				CLANG_WARN_BOOL_CONVERSION = YES;
				CLANG_WARN_COMMA = YES;
				CLANG_WARN_CONSTANT_CONVERSION = YES;
				CLANG_WARN_DEPRECATED_OBJC_IMPLEMENTATIONS = YES;
				CLANG_WARN_DIRECT_OBJC_ISA_USAGE = YES_ERROR;
				CLANG_WARN_DOCUMENTATION_COMMENTS = YES;
				CLANG_WARN_EMPTY_BODY = YES;
				CLANG_WARN_ENUM_CONVERSION = YES;
				CLANG_WARN_INFINITE_RECURSION = YES;
				CLANG_WARN_INT_CONVERSION = YES;
				CLANG_WARN_NON_LITERAL_NULL_CONVERSION = YES;
				CLANG_WARN_OBJC_IMPLICIT_RETAIN_SELF = YES;
				CLANG_WARN_OBJC_LITERAL_CONVERSION = YES;
				CLANG_WARN_OBJC_ROOT_CLASS = YES_ERROR;
				CLANG_WARN_QUOTED_INCLUDE_IN_FRAMEWORK_HEADER = YES;
				CLANG_WARN_RANGE_LOOP_ANALYSIS = YES;
				CLANG_WARN_STRICT_PROTOTYPES = YES;
				CLANG_WARN_SUSPICIOUS_MOVE = YES;
				CLANG_WARN_UNGUARDED_AVAILABILITY = YES_AGGRESSIVE;
				CLANG_WARN_UNREACHABLE_CODE = YES;
				CLANG_WARN__DUPLICATE_METHOD_MATCH = YES;
				COPY_PHASE_STRIP = NO;
				DEBUG_INFORMATION_FORMAT = dwarf;
				ENABLE_STRICT_OBJC_MSGSEND = YES;
				ENABLE_TESTABILITY = YES;
				ENABLE_USER_SCRIPT_SANDBOXING = YES;
				GCC_C_LANGUAGE_STANDARD = gnu17;
				GCC_DYNAMIC_NO_PIC = NO;
				GCC_NO_COMMON_BLOCKS = YES;
				GCC_OPTIMIZATION_LEVEL = 0;
				GCC_PREPROCESSOR_DEFINITIONS = (
					"DEBUG=1",
					"$(inherited)",
				);
				GCC_WARN_64_TO_32_BIT_CONVERSION = YES;
				GCC_WARN_ABOUT_RETURN_TYPE = YES_ERROR;
				GCC_WARN_UNDECLARED_SELECTOR = YES;
				GCC_WARN_UNINITIALIZED_AUTOS = YES_AGGRESSIVE;
				GCC_WARN_UNUSED_FUNCTION = YES;
				GCC_WARN_UNUSED_VARIABLE = YES;
				IPHONEOS_DEPLOYMENT_TARGET = 17.4;
				LOCALIZATION_PREFERS_STRING_CATALOGS = YES;
				MTL_ENABLE_DEBUG_INFO = INCLUDE_SOURCE;
				MTL_FAST_MATH = YES;
				ONLY_ACTIVE_ARCH = YES;
				SDKROOT = iphoneos;
				SWIFT_ACTIVE_COMPILATION_CONDITIONS = "DEBUG $(inherited)";
				SWIFT_OPTIMIZATION_LEVEL = "-Onone";
			};
			name = Debug;
		};
		5FEDB0802C35D05C002CEBE5 /* Release */ = {
			isa = XCBuildConfiguration;
			buildSettings = {
				ALWAYS_SEARCH_USER_PATHS = NO;
				ASSETCATALOG_COMPILER_GENERATE_SWIFT_ASSET_SYMBOL_EXTENSIONS = YES;
				CLANG_ANALYZER_NONNULL = YES;
				CLANG_ANALYZER_NUMBER_OBJECT_CONVERSION = YES_AGGRESSIVE;
				CLANG_CXX_LANGUAGE_STANDARD = "gnu++20";
				CLANG_ENABLE_MODULES = YES;
				CLANG_ENABLE_OBJC_ARC = YES;
				CLANG_ENABLE_OBJC_WEAK = YES;
				CLANG_WARN_BLOCK_CAPTURE_AUTORELEASING = YES;
				CLANG_WARN_BOOL_CONVERSION = YES;
				CLANG_WARN_COMMA = YES;
				CLANG_WARN_CONSTANT_CONVERSION = YES;
				CLANG_WARN_DEPRECATED_OBJC_IMPLEMENTATIONS = YES;
				CLANG_WARN_DIRECT_OBJC_ISA_USAGE = YES_ERROR;
				CLANG_WARN_DOCUMENTATION_COMMENTS = YES;
				CLANG_WARN_EMPTY_BODY = YES;
				CLANG_WARN_ENUM_CONVERSION = YES;
				CLANG_WARN_INFINITE_RECURSION = YES;
				CLANG_WARN_INT_CONVERSION = YES;
				CLANG_WARN_NON_LITERAL_NULL_CONVERSION = YES;
				CLANG_WARN_OBJC_IMPLICIT_RETAIN_SELF = YES;
				CLANG_WARN_OBJC_LITERAL_CONVERSION = YES;
				CLANG_WARN_OBJC_ROOT_CLASS = YES_ERROR;
				CLANG_WARN_QUOTED_INCLUDE_IN_FRAMEWORK_HEADER = YES;
				CLANG_WARN_RANGE_LOOP_ANALYSIS = YES;
				CLANG_WARN_STRICT_PROTOTYPES = YES;
				CLANG_WARN_SUSPICIOUS_MOVE = YES;
				CLANG_WARN_UNGUARDED_AVAILABILITY = YES_AGGRESSIVE;
				CLANG_WARN_UNREACHABLE_CODE = YES;
				CLANG_WARN__DUPLICATE_METHOD_MATCH = YES;
				COPY_PHASE_STRIP = NO;
				DEBUG_INFORMATION_FORMAT = "dwarf-with-dsym";
				ENABLE_NS_ASSERTIONS = NO;
				ENABLE_STRICT_OBJC_MSGSEND = YES;
				ENABLE_USER_SCRIPT_SANDBOXING = YES;
				GCC_C_LANGUAGE_STANDARD = gnu17;
				GCC_NO_COMMON_BLOCKS = YES;
				GCC_WARN_64_TO_32_BIT_CONVERSION = YES;
				GCC_WARN_ABOUT_RETURN_TYPE = YES_ERROR;
				GCC_WARN_UNDECLARED_SELECTOR = YES;
				GCC_WARN_UNINITIALIZED_AUTOS = YES_AGGRESSIVE;
				GCC_WARN_UNUSED_FUNCTION = YES;
				GCC_WARN_UNUSED_VARIABLE = YES;
				IPHONEOS_DEPLOYMENT_TARGET = 17.4;
				LOCALIZATION_PREFERS_STRING_CATALOGS = YES;
				MTL_ENABLE_DEBUG_INFO = NO;
				MTL_FAST_MATH = YES;
				SDKROOT = iphoneos;
				SWIFT_COMPILATION_MODE = wholemodule;
				VALIDATE_PRODUCT = YES;
			};
			name = Release;
		};
		5FEDB0822C35D05C002CEBE5 /* Debug */ = {
			isa = XCBuildConfiguration;
			buildSettings = {
				ASSETCATALOG_COMPILER_APPICON_NAME = AppIcon;
				ASSETCATALOG_COMPILER_GLOBAL_ACCENT_COLOR_NAME = AccentColor;
				CODE_SIGN_STYLE = Automatic;
				CURRENT_PROJECT_VERSION = 1;
				DEVELOPMENT_ASSET_PATHS = "\"JPTracker/Preview Content\"";
				DEVELOPMENT_TEAM = 9LZ258465W;
				ENABLE_PREVIEWS = YES;
				GENERATE_INFOPLIST_FILE = YES;
				INFOPLIST_KEY_LSApplicationCategoryType = "public.app-category.finance";
				INFOPLIST_KEY_UIApplicationSceneManifest_Generation = YES;
				INFOPLIST_KEY_UIApplicationSupportsIndirectInputEvents = YES;
				INFOPLIST_KEY_UILaunchScreen_Generation = YES;
				INFOPLIST_KEY_UISupportedInterfaceOrientations_iPad = "UIInterfaceOrientationPortrait UIInterfaceOrientationPortraitUpsideDown UIInterfaceOrientationLandscapeLeft UIInterfaceOrientationLandscapeRight";
				INFOPLIST_KEY_UISupportedInterfaceOrientations_iPhone = "UIInterfaceOrientationPortrait UIInterfaceOrientationLandscapeLeft UIInterfaceOrientationLandscapeRight";
				LD_RUNPATH_SEARCH_PATHS = (
					"$(inherited)",
					"@executable_path/Frameworks",
				);
				MARKETING_VERSION = 0.1;
				PRODUCT_BUNDLE_IDENTIFIER = com.jankuv.patrik.JPTracker;
				PRODUCT_NAME = "$(TARGET_NAME)";
				SWIFT_EMIT_LOC_STRINGS = YES;
				SWIFT_VERSION = 5.0;
				TARGETED_DEVICE_FAMILY = "1,2";
			};
			name = Debug;
		};
		5FEDB0832C35D05C002CEBE5 /* Release */ = {
			isa = XCBuildConfiguration;
			buildSettings = {
				ASSETCATALOG_COMPILER_APPICON_NAME = AppIcon;
				ASSETCATALOG_COMPILER_GLOBAL_ACCENT_COLOR_NAME = AccentColor;
				CODE_SIGN_STYLE = Automatic;
				CURRENT_PROJECT_VERSION = 1;
				DEVELOPMENT_ASSET_PATHS = "\"JPTracker/Preview Content\"";
				DEVELOPMENT_TEAM = 9LZ258465W;
				ENABLE_PREVIEWS = YES;
				GENERATE_INFOPLIST_FILE = YES;
				INFOPLIST_KEY_LSApplicationCategoryType = "public.app-category.finance";
				INFOPLIST_KEY_UIApplicationSceneManifest_Generation = YES;
				INFOPLIST_KEY_UIApplicationSupportsIndirectInputEvents = YES;
				INFOPLIST_KEY_UILaunchScreen_Generation = YES;
				INFOPLIST_KEY_UISupportedInterfaceOrientations_iPad = "UIInterfaceOrientationPortrait UIInterfaceOrientationPortraitUpsideDown UIInterfaceOrientationLandscapeLeft UIInterfaceOrientationLandscapeRight";
				INFOPLIST_KEY_UISupportedInterfaceOrientations_iPhone = "UIInterfaceOrientationPortrait UIInterfaceOrientationLandscapeLeft UIInterfaceOrientationLandscapeRight";
				LD_RUNPATH_SEARCH_PATHS = (
					"$(inherited)",
					"@executable_path/Frameworks",
				);
				MARKETING_VERSION = 0.1;
				PRODUCT_BUNDLE_IDENTIFIER = com.jankuv.patrik.JPTracker;
				PRODUCT_NAME = "$(TARGET_NAME)";
				SWIFT_EMIT_LOC_STRINGS = YES;
				SWIFT_VERSION = 5.0;
				TARGETED_DEVICE_FAMILY = "1,2";
			};
			name = Release;
		};
/* End XCBuildConfiguration section */

/* Begin XCConfigurationList section */
		5FEDB06E2C35D058002CEBE5 /* Build configuration list for PBXProject "JPTracker" */ = {
			isa = XCConfigurationList;
			buildConfigurations = (
				5FEDB07F2C35D05C002CEBE5 /* Debug */,
				5FEDB0802C35D05C002CEBE5 /* Release */,
			);
			defaultConfigurationIsVisible = 0;
			defaultConfigurationName = Release;
		};
		5FEDB0812C35D05C002CEBE5 /* Build configuration list for PBXNativeTarget "JPTracker" */ = {
			isa = XCConfigurationList;
			buildConfigurations = (
				5FEDB0822C35D05C002CEBE5 /* Debug */,
				5FEDB0832C35D05C002CEBE5 /* Release */,
			);
			defaultConfigurationIsVisible = 0;
			defaultConfigurationName = Release;
		};
/* End XCConfigurationList section */
	};
	rootObject = 5FEDB06B2C35D058002CEBE5 /* Project object */;
}
